
Microsoft Visual Studio Solution File, Format Version 12.00
# Visual Studio Version 16
VisualStudioVersion = 16.0.29911.84
MinimumVisualStudioVersion = 10.0.40219.1
Project("{FAE04EC0-301F-11D3-BF4B-00C04F79EFBC}") = "StudentApp.App", "StudentApp.App\StudentApp.App.csproj", "{8892054D-4817-4CD5-A7D8-C17D20F16034}"
EndProject
Project("{FAE04EC0-301F-11D3-BF4B-00C04F79EFBC}") = "StudentApp.Data", "StudentApp.Data\StudentApp.Data.csproj", "{D6E2F48F-129A-4110-8444-A2DCA81ACE42}"
EndProject
Global
	GlobalSection(SolutionConfigurationPlatforms) = preSolution
		Debug|Any CPU = Debug|Any CPU
		Release|Any CPU = Release|Any CPU
	EndGlobalSection
	GlobalSection(ProjectConfigurationPlatforms) = postSolution
		{8892054D-4817-4CD5-A7D8-C17D20F16034}.Debug|Any CPU.ActiveCfg = Debug|Any CPU
		{8892054D-4817-4CD5-A7D8-C17D20F16034}.Debug|Any CPU.Build.0 = Debug|Any CPU
		{8892054D-4817-4CD5-A7D8-C17D20F16034}.Release|Any CPU.ActiveCfg = Release|Any CPU
		{8892054D-4817-4CD5-A7D8-C17D20F16034}.Release|Any CPU.Build.0 = Release|Any CPU
		{D6E2F48F-129A-4110-8444-A2DCA81ACE42}.Debug|Any CPU.ActiveCfg = Debug|Any CPU
		{D6E2F48F-129A-4110-8444-A2DCA81ACE42}.Debug|Any CPU.Build.0 = Debug|Any CPU
		{D6E2F48F-129A-4110-8444-A2DCA81ACE42}.Release|Any CPU.ActiveCfg = Release|Any CPU
		{D6E2F48F-129A-4110-8444-A2DCA81ACE42}.Release|Any CPU.Build.0 = Release|Any CPU
	EndGlobalSection
	GlobalSection(SolutionProperties) = preSolution
		HideSolutionNode = FALSE
	EndGlobalSection
	GlobalSection(ExtensibilityGlobals) = postSolution
		SolutionGuid = {1CF0A870-1304-45AB-910D-AA30ECF44B2F}
	EndGlobalSection
EndGlobal
